
Microsoft Visual Studio Solution File, Format Version 12.00
# Visual Studio Version 18
VisualStudioVersion = 18.0.11018.127 d18.0
MinimumVisualStudioVersion = 10.0.40219.1
Project("{FAE04EC0-301F-11D3-BF4B-00C04F79EFBC}") = "SqlValidatorMcp", "SqlValidatorMcp.csproj", "{07E3A2E9-97DF-3272-F527-97A886D981C0}"
EndProject
Global
	GlobalSection(SolutionConfigurationPlatforms) = preSolution
		Debug|Any CPU = Debug|Any CPU
		Release|Any CPU = Release|Any CPU
	EndGlobalSection
	GlobalSection(ProjectConfigurationPlatforms) = postSolution
		{07E3A2E9-97DF-3272-F527-97A886D981C0}.Debug|Any CPU.ActiveCfg = Debug|Any CPU
		{07E3A2E9-97DF-3272-F527-97A886D981C0}.Debug|Any CPU.Build.0 = Debug|Any CPU
		{07E3A2E9-97DF-3272-F527-97A886D981C0}.Release|Any CPU.ActiveCfg = Release|Any CPU
		{07E3A2E9-97DF-3272-F527-97A886D981C0}.Release|Any CPU.Build.0 = Release|Any CPU
	EndGlobalSection
	GlobalSection(SolutionProperties) = preSolution
		HideSolutionNode = FALSE
	EndGlobalSection
	GlobalSection(ExtensibilityGlobals) = postSolution
		SolutionGuid = {8FE417C9-50A8-4E0E-9E2E-B86F9C45545C}
	EndGlobalSection
EndGlobal
